# This file is automatically generated - do not edit it directly.
# Use https://weblate.rob006.net/projects/flarum/fof-spamblock/eu/ for translation.
# You can read more about the process at https://github.com/rob006-software/flarum-translations/wiki.

fof-spamblock:
  admin:
    permissions:
      spamblock_users_label: 'Markatu spammer gisa'
  forum:
    user_controls:
      spammer_button: Spammer
      spammer_confirmation: "Seguru zuede \n• Izkutatu nahi duzula erabiltzailearen post guztiak \n• [flarum/suspend] eta erabiltzailea suspenditu nahi duzula?"
